{
  "requires": true,
  "lockfileVersion": 1,
  "dependencies": {
    "@nooksbazaar/acdb": {
      "version": "0.2.5",
      "resolved": "https://registry.npmjs.org/@nooksbazaar/acdb/-/acdb-0.2.5.tgz",
      "integrity": "sha512-vzxOFVWis/cz1mzOOnjTsWlgRsQ0cU5PANdagBgg3t9V/qL8PQumqLHQJrnIFVR8q6Rp/RQC/M83T4Fgi/phxA=="
    }
  }
}
